
Microsoft Visual Studio Solution File, Format Version 12.00
# Visual Studio Version 17
VisualStudioVersion = 17.12.35527.113
MinimumVisualStudioVersion = 10.0.40219.1
Project("{FAE04EC0-301F-11D3-BF4B-00C04F79EFBC}") = "racistbot", "ConsoleApp1\racistbot.csproj", "{A31A8A2E-DA1D-44E2-B033-2991AA40C87F}"
EndProject
Global
	GlobalSection(SolutionConfigurationPlatforms) = preSolution
		Debug|Any CPU = Debug|Any CPU
		Release|Any CPU = Release|Any CPU
	EndGlobalSection
	GlobalSection(ProjectConfigurationPlatforms) = postSolution
		{A31A8A2E-DA1D-44E2-B033-2991AA40C87F}.Debug|Any CPU.ActiveCfg = Debug|Any CPU
		{A31A8A2E-DA1D-44E2-B033-2991AA40C87F}.Debug|Any CPU.Build.0 = Debug|Any CPU
		{A31A8A2E-DA1D-44E2-B033-2991AA40C87F}.Release|Any CPU.ActiveCfg = Release|Any CPU
		{A31A8A2E-DA1D-44E2-B033-2991AA40C87F}.Release|Any CPU.Build.0 = Release|Any CPU
	EndGlobalSection
	GlobalSection(SolutionProperties) = preSolution
		HideSolutionNode = FALSE
	EndGlobalSection
EndGlobal
